<?xml version="1.0" encoding="utf-8"?>
<Project ToolsVersion="4.0" xmlns="http://schemas.microsoft.com/developer/msbuild/2003">
  <ItemGroup>
    <None Include="taglib-headers.bat">
      <Filter>Build Files</Filter>
    </None>
    <None Include="taglib-headers.lst">
      <Filter>Build Files</Filter>
    </None>
    <None Include="taglib\taglib_config.h.cmake">
      <Filter>Header Files</Filter>
    </None>
  </ItemGroup>
  <ItemGroup>
    <Filter Include="Build Files">
      <UniqueIdentifier>{36639124-ec92-477e-8d73-2209de1b1af2}</UniqueIdentifier>
    </Filter>
    <Filter Include="Header Files">
      <UniqueIdentifier>{7e6dbb8c-ad71-47d8-970b-d1e2d9894be7}</UniqueIdentifier>
    </Filter>
    <Filter Include="Resource Files">
      <UniqueIdentifier>{331452fe-515d-4089-9aba-643ad6a8114c}</UniqueIdentifier>
    </Filter>
    <Filter Include="Source Files">
      <UniqueIdentifier>{0bca8879-ad8a-4336-8e70-97f70bbe0562}</UniqueIdentifier>
    </Filter>
  </ItemGroup>
  <ItemGroup>
    <ClCompile Include="taglib-headers.c">
      <Filter>Source Files</Filter>
    </ClCompile>
  </ItemGroup>
</Project>