<?xml version="1.0" encoding="utf-8"?>
<Project ToolsVersion="4.0" xmlns="http://schemas.microsoft.com/developer/msbuild/2003">
  <ItemGroup>
    <Filter Include="Build Files">
      <UniqueIdentifier>{4FC347F1-C7A5-4336-A166-2A32D982A2FF}</UniqueIdentifier>
      <Extensions>bat;cmd;ps1;cmake;am;in;sh;bash</Extensions>
    </Filter>
    <Filter Include="Header Files">
      <UniqueIdentifier>{93995380-89BD-4b04-88EB-625FBE52EBFB}</UniqueIdentifier>
      <Extensions>h;hh;hpp;hxx;h++;hm;inl;inc;ipp;xsd</Extensions>
    </Filter>
    <Filter Include="Resource Files">
      <UniqueIdentifier>{67DA6AB6-F800-4c08-8B7A-83BB121AAD01}</UniqueIdentifier>
      <Extensions>rc;ico;cur;bmp;dlg;rc2;rct;bin;rgs;gif;jpg;jpeg;jpe;resx;tiff;tif;png;wav;mp3;flac;mfcribbon-ms</Extensions>
    </Filter>
    <Filter Include="Source Files">
      <UniqueIdentifier>{4FC737F1-C7A5-4376-A066-2A32D752A2FF}</UniqueIdentifier>
      <Extensions>cpp;c;cc;cxx;c++;cppm;ixx;def;odl;idl;hpj;y;yy;l;asm;asmx;java;cs</Extensions>
    </Filter>
    <Filter Include="Header Files\flac">
      <UniqueIdentifier>{0cee649b-a6be-41bc-9172-e0eccf4255c6}</UniqueIdentifier>
    </Filter>
    <Filter Include="Header Files\vorbis">
      <UniqueIdentifier>{23b057f6-08ba-4520-9c54-27c680bb3459}</UniqueIdentifier>
    </Filter>
    <Filter Include="Header Files\opus">
      <UniqueIdentifier>{e9f5b9a8-1c71-4b0a-80d1-ba48e9daa36d}</UniqueIdentifier>
    </Filter>
    <Filter Include="Header Files\speex">
      <UniqueIdentifier>{24852eba-53ba-4918-9456-644a41bb9cc9}</UniqueIdentifier>
    </Filter>
    <Filter Include="Source Files\flac">
      <UniqueIdentifier>{9d97ab05-6aad-4c57-b7f6-9a75c7f1d217}</UniqueIdentifier>
    </Filter>
    <Filter Include="Source Files\opus">
      <UniqueIdentifier>{7ba28836-bb63-4054-8c37-1225a39d0da1}</UniqueIdentifier>
    </Filter>
    <Filter Include="Source Files\vorbis">
      <UniqueIdentifier>{2d0d2856-0233-4d01-92fe-4a4439301a46}</UniqueIdentifier>
    </Filter>
    <Filter Include="Source Files\speex">
      <UniqueIdentifier>{0e2b8b63-d7a0-43b8-bb2d-07f8c1663aa6}</UniqueIdentifier>
    </Filter>
  </ItemGroup>
  <ItemGroup>
    <ClInclude Include="oggfile.h">
      <Filter>Header Files</Filter>
    </ClInclude>
    <ClInclude Include="oggpage.h">
      <Filter>Header Files</Filter>
    </ClInclude>
    <ClInclude Include="oggpageheader.h">
      <Filter>Header Files</Filter>
    </ClInclude>
    <ClInclude Include="xiphcomment.h">
      <Filter>Header Files</Filter>
    </ClInclude>
    <ClInclude Include="flac\oggflacfile.h">
      <Filter>Header Files\flac</Filter>
    </ClInclude>
    <ClInclude Include="opus\opusfile.h">
      <Filter>Header Files\opus</Filter>
    </ClInclude>
    <ClInclude Include="opus\opusproperties.h">
      <Filter>Header Files\opus</Filter>
    </ClInclude>
    <ClInclude Include="speex\speexfile.h">
      <Filter>Header Files\speex</Filter>
    </ClInclude>
    <ClInclude Include="speex\speexproperties.h">
      <Filter>Header Files\speex</Filter>
    </ClInclude>
    <ClInclude Include="vorbis\vorbisfile.h">
      <Filter>Header Files\vorbis</Filter>
    </ClInclude>
    <ClInclude Include="vorbis\vorbisproperties.h">
      <Filter>Header Files\vorbis</Filter>
    </ClInclude>
  </ItemGroup>
  <ItemGroup>
    <ClCompile Include="oggfile.cpp">
      <Filter>Source Files</Filter>
    </ClCompile>
    <ClCompile Include="oggpage.cpp">
      <Filter>Source Files</Filter>
    </ClCompile>
    <ClCompile Include="oggpageheader.cpp">
      <Filter>Source Files</Filter>
    </ClCompile>
    <ClCompile Include="xiphcomment.cpp">
      <Filter>Source Files</Filter>
    </ClCompile>
    <ClCompile Include="flac\oggflacfile.cpp">
      <Filter>Source Files\flac</Filter>
    </ClCompile>
    <ClCompile Include="opus\opusfile.cpp">
      <Filter>Source Files\opus</Filter>
    </ClCompile>
    <ClCompile Include="opus\opusproperties.cpp">
      <Filter>Source Files\opus</Filter>
    </ClCompile>
    <ClCompile Include="speex\speexfile.cpp">
      <Filter>Source Files\speex</Filter>
    </ClCompile>
    <ClCompile Include="speex\speexproperties.cpp">
      <Filter>Source Files\speex</Filter>
    </ClCompile>
    <ClCompile Include="vorbis\vorbisfile.cpp">
      <Filter>Source Files\vorbis</Filter>
    </ClCompile>
    <ClCompile Include="vorbis\vorbisproperties.cpp">
      <Filter>Source Files\vorbis</Filter>
    </ClCompile>
  </ItemGroup>
</Project>