<?xml version="1.0" encoding="utf-8"?>
<Project ToolsVersion="4.0" xmlns="http://schemas.microsoft.com/developer/msbuild/2003">
  <ItemGroup>
    <Filter Include="Build Files">
      <UniqueIdentifier>{4FC347F1-C7A5-4336-A166-2A32D982A2FF}</UniqueIdentifier>
      <Extensions>bat;cmd;ps1;cmake;am;in;sh;bash</Extensions>
    </Filter>
    <Filter Include="Header Files">
      <UniqueIdentifier>{93995380-89BD-4b04-88EB-625FBE52EBFB}</UniqueIdentifier>
      <Extensions>h;hh;hpp;hxx;h++;hm;inl;inc;ipp;xsd</Extensions>
    </Filter>
    <Filter Include="Resource Files">
      <UniqueIdentifier>{67DA6AB6-F800-4c08-8B7A-83BB121AAD01}</UniqueIdentifier>
      <Extensions>rc;ico;cur;bmp;dlg;rc2;rct;bin;rgs;gif;jpg;jpeg;jpe;resx;tiff;tif;png;wav;mp3;flac;mfcribbon-ms</Extensions>
    </Filter>
    <Filter Include="Source Files">
      <UniqueIdentifier>{4FC737F1-C7A5-4376-A066-2A32D752A2FF}</UniqueIdentifier>
      <Extensions>cpp;c;cc;cxx;c++;cppm;ixx;def;odl;idl;hpj;y;yy;l;asm;asmx;java;cs</Extensions>
    </Filter>
  </ItemGroup>
  <ItemGroup>
    <ClInclude Include="taglib.h">
      <Filter>Header Files</Filter>
    </ClInclude>
    <ClInclude Include="tbytevector.h">
      <Filter>Header Files</Filter>
    </ClInclude>
    <ClInclude Include="tbytevectorlist.h">
      <Filter>Header Files</Filter>
    </ClInclude>
    <ClInclude Include="tbytevectorstream.h">
      <Filter>Header Files</Filter>
    </ClInclude>
    <ClInclude Include="tdebug.h">
      <Filter>Header Files</Filter>
    </ClInclude>
    <ClInclude Include="tdebuglistener.h">
      <Filter>Header Files</Filter>
    </ClInclude>
    <ClInclude Include="tfile.h">
      <Filter>Header Files</Filter>
    </ClInclude>
    <ClInclude Include="tfilestream.h">
      <Filter>Header Files</Filter>
    </ClInclude>
    <ClInclude Include="tiostream.h">
      <Filter>Header Files</Filter>
    </ClInclude>
    <ClInclude Include="tlist.h">
      <Filter>Header Files</Filter>
    </ClInclude>
    <ClInclude Include="tmap.h">
      <Filter>Header Files</Filter>
    </ClInclude>
    <ClInclude Include="tpropertymap.h">
      <Filter>Header Files</Filter>
    </ClInclude>
    <ClInclude Include="trefcounter.h">
      <Filter>Header Files</Filter>
    </ClInclude>
    <ClInclude Include="tstring.h">
      <Filter>Header Files</Filter>
    </ClInclude>
    <ClInclude Include="tstringlist.h">
      <Filter>Header Files</Filter>
    </ClInclude>
    <ClInclude Include="tutils.h">
      <Filter>Header Files</Filter>
    </ClInclude>
    <ClInclude Include="tzlib.h">
      <Filter>Header Files</Filter>
    </ClInclude>
  </ItemGroup>
  <ItemGroup>
    <ClCompile Include="tbytevector.cpp">
      <Filter>Source Files</Filter>
    </ClCompile>
    <ClCompile Include="tbytevectorlist.cpp">
      <Filter>Source Files</Filter>
    </ClCompile>
    <ClCompile Include="tbytevectorstream.cpp">
      <Filter>Source Files</Filter>
    </ClCompile>
    <ClCompile Include="tdebug.cpp">
      <Filter>Source Files</Filter>
    </ClCompile>
    <ClCompile Include="tdebuglistener.cpp">
      <Filter>Source Files</Filter>
    </ClCompile>
    <ClCompile Include="tfile.cpp">
      <Filter>Source Files</Filter>
    </ClCompile>
    <ClCompile Include="tfilestream.cpp">
      <Filter>Source Files</Filter>
    </ClCompile>
    <ClCompile Include="tiostream.cpp">
      <Filter>Source Files</Filter>
    </ClCompile>
    <ClCompile Include="tpropertymap.cpp">
      <Filter>Source Files</Filter>
    </ClCompile>
    <ClCompile Include="trefcounter.cpp">
      <Filter>Source Files</Filter>
    </ClCompile>
    <ClCompile Include="tstring.cpp">
      <Filter>Source Files</Filter>
    </ClCompile>
    <ClCompile Include="tstringlist.cpp">
      <Filter>Source Files</Filter>
    </ClCompile>
    <ClCompile Include="tzlib.cpp">
      <Filter>Source Files</Filter>
    </ClCompile>
  </ItemGroup>
</Project>